// !$*UTF8*$!
{
	archiveVersion = 1;
	classes = {
	};
	objectVersion = 50;
	objects = {

/* Begin PBXBuildFile section */
		BF062B1D249F1A7D0020843E /* test_main.cpp in Sources */ = {isa = PBXBuildFile; fileRef = BF062B08249F1A7D0020843E /* test_main.cpp */; };
		BF4D971524C009BB007C865C /* test_proj_camera.cpp in Sources */ = {isa = PBXBuildFile; fileRef = BF4D971424C009BB007C865C /* test_proj_camera.cpp */; };
		BFB35C1224C2AD040063C0E8 /* test_rotation_3d.cpp in Sources */ = {isa = PBXBuildFile; fileRef = BFB35C1124C2AD040063C0E8 /* test_rotation_3d.cpp */; };
		BFCF29D824BC174C009727AA /* test_h_matrix_3d.cpp in Sources */ = {isa = PBXBuildFile; fileRef = BFCF29D724BC174C009727AA /* test_h_matrix_3d.cpp */; };
		BFF4071F24BA714600B8265B /* test_h_matrix_2d.cpp in Sources */ = {isa = PBXBuildFile; fileRef = BFF4070F24BA714600B8265B /* test_h_matrix_2d.cpp */; };
/* End PBXBuildFile section */

/* Begin PBXCopyFilesBuildPhase section */
		BF0A75D624723D3F00DD8BB6 /* CopyFiles */ = {
			isa = PBXCopyFilesBuildPhase;
			buildActionMask = 2147483647;
			dstPath = /usr/share/man/man1/;
			dstSubfolderSpec = 0;
			files = (
			);
			runOnlyForDeploymentPostprocessing = 1;
		};
/* End PBXCopyFilesBuildPhase section */

/* Begin PBXFileReference section */
		BF062AD7249E99C40020843E /* vnl.h */ = {isa = PBXFileReference; fileEncoding = 4; lastKnownFileType = sourcecode.c.h; name = vnl.h; path = ../../vxl/vnl.h; sourceTree = "<group>"; };
		BF062AD9249E99C40020843E /* vnl_matrix_fixed.h */ = {isa = PBXFileReference; fileEncoding = 4; lastKnownFileType = sourcecode.c.h; path = vnl_matrix_fixed.h; sourceTree = "<group>"; };
		BF062ADB249E99C40020843E /* vnl_svd_backup.h */ = {isa = PBXFileReference; fileEncoding = 4; lastKnownFileType = sourcecode.c.h; path = vnl_svd_backup.h; sourceTree = "<group>"; };
		BF062ADC249E99C40020843E /* vnl_matrix.h */ = {isa = PBXFileReference; fileEncoding = 4; lastKnownFileType = sourcecode.c.h; path = vnl_matrix.h; sourceTree = "<group>"; };
		BF062ADD249E99C40020843E /* vnl_vector_fixed.h */ = {isa = PBXFileReference; fileEncoding = 4; lastKnownFileType = sourcecode.c.h; path = vnl_vector_fixed.h; sourceTree = "<group>"; };
		BF062ADE249E99C40020843E /* vnl_vector.h */ = {isa = PBXFileReference; fileEncoding = 4; lastKnownFileType = sourcecode.c.h; path = vnl_vector.h; sourceTree = "<group>"; };
		BF062ADF249E99C40020843E /* vnl_diag_matrix.h */ = {isa = PBXFileReference; fileEncoding = 4; lastKnownFileType = sourcecode.c.h; path = vnl_diag_matrix.h; sourceTree = "<group>"; };
		BF062B08249F1A7D0020843E /* test_main.cpp */ = {isa = PBXFileReference; fileEncoding = 4; lastKnownFileType = sourcecode.cpp.cpp; path = test_main.cpp; sourceTree = "<group>"; };
		BF0A75D824723D3F00DD8BB6 /* vxl */ = {isa = PBXFileReference; explicitFileType = "compiled.mach-o.executable"; includeInIndex = 0; path = vxl; sourceTree = BUILT_PRODUCTS_DIR; };
		BF0E22FA24AC3C53003C181C /* vnl_cross.h */ = {isa = PBXFileReference; fileEncoding = 4; lastKnownFileType = sourcecode.c.h; path = vnl_cross.h; sourceTree = "<group>"; };
		BF115EDF24A59B93007EC319 /* vnl_export.h */ = {isa = PBXFileReference; lastKnownFileType = sourcecode.c.h; path = vnl_export.h; sourceTree = "<group>"; };
		BF4D971424C009BB007C865C /* test_proj_camera.cpp */ = {isa = PBXFileReference; fileEncoding = 4; lastKnownFileType = sourcecode.cpp.cpp; path = test_proj_camera.cpp; sourceTree = "<group>"; };
		BF4D971624C00CB9007C865C /* vgl_point_2d.h */ = {isa = PBXFileReference; fileEncoding = 4; lastKnownFileType = sourcecode.c.h; path = vgl_point_2d.h; sourceTree = "<group>"; };
		BF4D971724C00CB9007C865C /* vgl_homg_point_2d.h */ = {isa = PBXFileReference; fileEncoding = 4; lastKnownFileType = sourcecode.c.h; path = vgl_homg_point_2d.h; sourceTree = "<group>"; };
		BF8E3F4B24BEB66B00CD293B /* vnl_quaternion.h */ = {isa = PBXFileReference; fileEncoding = 4; lastKnownFileType = sourcecode.c.h; path = vnl_quaternion.h; sourceTree = "<group>"; };
		BF8E3F4E24BEBF2100CD293B /* vgl_point_3d.h */ = {isa = PBXFileReference; fileEncoding = 4; lastKnownFileType = sourcecode.c.h; path = vgl_point_3d.h; sourceTree = "<group>"; };
		BF8E3F4F24BEBF3600CD293B /* vgl_homg_point_3d.h */ = {isa = PBXFileReference; fileEncoding = 4; lastKnownFileType = sourcecode.c.h; path = vgl_homg_point_3d.h; sourceTree = "<group>"; };
		BFB35C1024C2ABCD0063C0E8 /* vgl_rotation_3d.h */ = {isa = PBXFileReference; fileEncoding = 4; lastKnownFileType = sourcecode.c.h; path = vgl_rotation_3d.h; sourceTree = "<group>"; };
		BFB35C1124C2AD040063C0E8 /* test_rotation_3d.cpp */ = {isa = PBXFileReference; fileEncoding = 4; lastKnownFileType = sourcecode.cpp.cpp; path = test_rotation_3d.cpp; sourceTree = "<group>"; };
		BFCB58BB24AD5D5B00966C69 /* vnl_math.h */ = {isa = PBXFileReference; fileEncoding = 4; lastKnownFileType = sourcecode.c.h; path = vnl_math.h; sourceTree = "<group>"; };
		BFCF29D724BC174C009727AA /* test_h_matrix_3d.cpp */ = {isa = PBXFileReference; fileEncoding = 4; lastKnownFileType = sourcecode.cpp.cpp; path = test_h_matrix_3d.cpp; sourceTree = "<group>"; };
		BFE0232224A306AC00936454 /* vnl_svd.h */ = {isa = PBXFileReference; lastKnownFileType = sourcecode.c.h; path = vnl_svd.h; sourceTree = "<group>"; };
		BFE0232324A3098500936454 /* vnl_numeric_traits.h */ = {isa = PBXFileReference; fileEncoding = 4; lastKnownFileType = sourcecode.c.h; path = vnl_numeric_traits.h; sourceTree = "<group>"; };
		BFE8646424A908CB00FC848F /* vnl_error.h */ = {isa = PBXFileReference; fileEncoding = 4; lastKnownFileType = sourcecode.c.h; path = vnl_error.h; sourceTree = "<group>"; };
		BFE8646524A9171800FC848F /* vnl_random.h */ = {isa = PBXFileReference; fileEncoding = 4; lastKnownFileType = sourcecode.c.h; path = vnl_random.h; sourceTree = "<group>"; };
		BFF406D024BA6BC300B8265B /* vpgl_proj_camera.h */ = {isa = PBXFileReference; fileEncoding = 4; lastKnownFileType = sourcecode.c.h; path = vpgl_proj_camera.h; sourceTree = "<group>"; };
		BFF406D124BA6BC300B8265B /* vpgl_camera.h */ = {isa = PBXFileReference; fileEncoding = 4; lastKnownFileType = sourcecode.c.h; path = vpgl_camera.h; sourceTree = "<group>"; };
		BFF406E824BA707E00B8265B /* vgl_h_matrix_2d.h */ = {isa = PBXFileReference; fileEncoding = 4; lastKnownFileType = sourcecode.c.h; path = vgl_h_matrix_2d.h; sourceTree = "<group>"; };
		BFF406E924BA707E00B8265B /* vgl_h_matrix_3d.h */ = {isa = PBXFileReference; fileEncoding = 4; lastKnownFileType = sourcecode.c.h; path = vgl_h_matrix_3d.h; sourceTree = "<group>"; };
		BFF4070F24BA714600B8265B /* test_h_matrix_2d.cpp */ = {isa = PBXFileReference; fileEncoding = 4; lastKnownFileType = sourcecode.cpp.cpp; path = test_h_matrix_2d.cpp; sourceTree = "<group>"; };
		BFF4072724BA774700B8265B /* vnl_det.h */ = {isa = PBXFileReference; fileEncoding = 4; lastKnownFileType = sourcecode.c.h; path = vnl_det.h; sourceTree = "<group>"; };
		BFF4072824BA77C400B8265B /* vnl_inverse.h */ = {isa = PBXFileReference; fileEncoding = 4; lastKnownFileType = sourcecode.c.h; path = vnl_inverse.h; sourceTree = "<group>"; };
/* End PBXFileReference section */

/* Begin PBXFrameworksBuildPhase section */
		BF0A75D524723D3F00DD8BB6 /* Frameworks */ = {
			isa = PBXFrameworksBuildPhase;
			buildActionMask = 2147483647;
			files = (
			);
			runOnlyForDeploymentPostprocessing = 0;
		};
/* End PBXFrameworksBuildPhase section */

/* Begin PBXGroup section */
		BF062AD6249E99AC0020843E /* vnl */ = {
			isa = PBXGroup;
			children = (
				BF062AD8249E99C40020843E /* vnl */,
				BF062AD7249E99C40020843E /* vnl.h */,
			);
			path = vnl;
			sourceTree = "<group>";
		};
		BF062AD8249E99C40020843E /* vnl */ = {
			isa = PBXGroup;
			children = (
				BF062AD9249E99C40020843E /* vnl_matrix_fixed.h */,
				BF062ADA249E99C40020843E /* algo */,
				BF062ADC249E99C40020843E /* vnl_matrix.h */,
				BFF4072724BA774700B8265B /* vnl_det.h */,
				BFF4072824BA77C400B8265B /* vnl_inverse.h */,
				BFCB58BB24AD5D5B00966C69 /* vnl_math.h */,
				BF062ADD249E99C40020843E /* vnl_vector_fixed.h */,
				BF062ADE249E99C40020843E /* vnl_vector.h */,
				BFE8646424A908CB00FC848F /* vnl_error.h */,
				BFE8646524A9171800FC848F /* vnl_random.h */,
				BF062ADF249E99C40020843E /* vnl_diag_matrix.h */,
				BFE0232324A3098500936454 /* vnl_numeric_traits.h */,
				BF115EDF24A59B93007EC319 /* vnl_export.h */,
				BF0E22FA24AC3C53003C181C /* vnl_cross.h */,
				BF8E3F4B24BEB66B00CD293B /* vnl_quaternion.h */,
			);
			name = vnl;
			path = ../../vxl/vnl;
			sourceTree = "<group>";
		};
		BF062ADA249E99C40020843E /* algo */ = {
			isa = PBXGroup;
			children = (
				BF062ADB249E99C40020843E /* vnl_svd_backup.h */,
				BFE0232224A306AC00936454 /* vnl_svd.h */,
			);
			path = algo;
			sourceTree = "<group>";
		};
		BF062B07249F1A7D0020843E /* test */ = {
			isa = PBXGroup;
			children = (
				BF4D971224C009BB007C865C /* vpgl */,
				BFF4070424BA714600B8265B /* vgl */,
				BF062B08249F1A7D0020843E /* test_main.cpp */,
				BF062B17249F1A7D0020843E /* vnl */,
			);
			name = test;
			path = ../test;
			sourceTree = "<group>";
		};
		BF062B17249F1A7D0020843E /* vnl */ = {
			isa = PBXGroup;
			children = (
				BFE0232624A30E1700936454 /* algo */,
			);
			path = vnl;
			sourceTree = "<group>";
		};
		BF0A75CF24723D3F00DD8BB6 = {
			isa = PBXGroup;
			children = (
				BFF406D224BA707E00B8265B /* vgl */,
				BFF406CF24BA6BC300B8265B /* vpgl */,
				BF062B07249F1A7D0020843E /* test */,
				BF062AD6249E99AC0020843E /* vnl */,
				BF0A75D924723D3F00DD8BB6 /* Products */,
			);
			sourceTree = "<group>";
		};
		BF0A75D924723D3F00DD8BB6 /* Products */ = {
			isa = PBXGroup;
			children = (
				BF0A75D824723D3F00DD8BB6 /* vxl */,
			);
			name = Products;
			sourceTree = "<group>";
		};
		BF4D971224C009BB007C865C /* vpgl */ = {
			isa = PBXGroup;
			children = (
				BF4D971424C009BB007C865C /* test_proj_camera.cpp */,
			);
			path = vpgl;
			sourceTree = "<group>";
		};
		BFE0232624A30E1700936454 /* algo */ = {
			isa = PBXGroup;
			children = (
			);
			path = algo;
			sourceTree = "<group>";
		};
		BFF406CF24BA6BC300B8265B /* vpgl */ = {
			isa = PBXGroup;
			children = (
				BFF406D024BA6BC300B8265B /* vpgl_proj_camera.h */,
				BFF406D124BA6BC300B8265B /* vpgl_camera.h */,
			);
			name = vpgl;
			path = ../vxl/vpgl;
			sourceTree = "<group>";
		};
		BFF406D224BA707E00B8265B /* vgl */ = {
			isa = PBXGroup;
			children = (
				BF8E3F4E24BEBF2100CD293B /* vgl_point_3d.h */,
				BF8E3F4F24BEBF3600CD293B /* vgl_homg_point_3d.h */,
				BF4D971624C00CB9007C865C /* vgl_point_2d.h */,
				BF4D971724C00CB9007C865C /* vgl_homg_point_2d.h */,
				BFF406E724BA707E00B8265B /* algo */,
			);
			name = vgl;
			path = ../vxl/vgl;
			sourceTree = "<group>";
		};
		BFF406E724BA707E00B8265B /* algo */ = {
			isa = PBXGroup;
			children = (
				BFF406E824BA707E00B8265B /* vgl_h_matrix_2d.h */,
				BFF406E924BA707E00B8265B /* vgl_h_matrix_3d.h */,
				BFB35C1024C2ABCD0063C0E8 /* vgl_rotation_3d.h */,
			);
			path = algo;
			sourceTree = "<group>";
		};
		BFF4070424BA714600B8265B /* vgl */ = {
			isa = PBXGroup;
			children = (
				BFF4070E24BA714600B8265B /* algo */,
			);
			path = vgl;
			sourceTree = "<group>";
		};
		BFF4070E24BA714600B8265B /* algo */ = {
			isa = PBXGroup;
			children = (
				BFF4070F24BA714600B8265B /* test_h_matrix_2d.cpp */,
				BFCF29D724BC174C009727AA /* test_h_matrix_3d.cpp */,
				BFB35C1124C2AD040063C0E8 /* test_rotation_3d.cpp */,
			);
			path = algo;
			sourceTree = "<group>";
		};
/* End PBXGroup section */

/* Begin PBXNativeTarget section */
		BF0A75D724723D3F00DD8BB6 /* vxl */ = {
			isa = PBXNativeTarget;
			buildConfigurationList = BF0A75DF24723D3F00DD8BB6 /* Build configuration list for PBXNativeTarget "vxl" */;
			buildPhases = (
				BF0A75D424723D3F00DD8BB6 /* Sources */,
				BF0A75D524723D3F00DD8BB6 /* Frameworks */,
				BF0A75D624723D3F00DD8BB6 /* CopyFiles */,
			);
			buildRules = (
			);
			dependencies = (
			);
			name = vxl;
			productName = vxl;
			productReference = BF0A75D824723D3F00DD8BB6 /* vxl */;
			productType = "com.apple.product-type.tool";
		};
/* End PBXNativeTarget section */

/* Begin PBXProject section */
		BF0A75D024723D3F00DD8BB6 /* Project object */ = {
			isa = PBXProject;
			attributes = {
				LastUpgradeCheck = 1010;
				ORGANIZATIONNAME = "Nowhere Planet";
				TargetAttributes = {
					BF0A75D724723D3F00DD8BB6 = {
						CreatedOnToolsVersion = 10.1;
					};
				};
			};
			buildConfigurationList = BF0A75D324723D3F00DD8BB6 /* Build configuration list for PBXProject "vxl" */;
			compatibilityVersion = "Xcode 9.3";
			developmentRegion = en;
			hasScannedForEncodings = 0;
			knownRegions = (
				en,
			);
			mainGroup = BF0A75CF24723D3F00DD8BB6;
			productRefGroup = BF0A75D924723D3F00DD8BB6 /* Products */;
			projectDirPath = "";
			projectRoot = "";
			targets = (
				BF0A75D724723D3F00DD8BB6 /* vxl */,
			);
		};
/* End PBXProject section */

/* Begin PBXSourcesBuildPhase section */
		BF0A75D424723D3F00DD8BB6 /* Sources */ = {
			isa = PBXSourcesBuildPhase;
			buildActionMask = 2147483647;
			files = (
				BFB35C1224C2AD040063C0E8 /* test_rotation_3d.cpp in Sources */,
				BFF4071F24BA714600B8265B /* test_h_matrix_2d.cpp in Sources */,
				BF4D971524C009BB007C865C /* test_proj_camera.cpp in Sources */,
				BFCF29D824BC174C009727AA /* test_h_matrix_3d.cpp in Sources */,
				BF062B1D249F1A7D0020843E /* test_main.cpp in Sources */,
			);
			runOnlyForDeploymentPostprocessing = 0;
		};
/* End PBXSourcesBuildPhase section */

/* Begin XCBuildConfiguration section */
		BF0A75DD24723D3F00DD8BB6 /* Debug */ = {
			isa = XCBuildConfiguration;
			buildSettings = {
				ALWAYS_SEARCH_USER_PATHS = NO;
				CLANG_ANALYZER_NONNULL = YES;
				CLANG_ANALYZER_NUMBER_OBJECT_CONVERSION = YES_AGGRESSIVE;
				CLANG_CXX_LANGUAGE_STANDARD = "gnu++14";
				CLANG_CXX_LIBRARY = "libc++";
				CLANG_ENABLE_MODULES = YES;
				CLANG_ENABLE_OBJC_ARC = YES;
				CLANG_ENABLE_OBJC_WEAK = YES;
				CLANG_WARN_BLOCK_CAPTURE_AUTORELEASING = YES;
				CLANG_WARN_BOOL_CONVERSION = YES;
				CLANG_WARN_COMMA = YES;
				CLANG_WARN_CONSTANT_CONVERSION = YES;
				CLANG_WARN_DEPRECATED_OBJC_IMPLEMENTATIONS = YES;
				CLANG_WARN_DIRECT_OBJC_ISA_USAGE = YES_ERROR;
				CLANG_WARN_DOCUMENTATION_COMMENTS = YES;
				CLANG_WARN_EMPTY_BODY = YES;
				CLANG_WARN_ENUM_CONVERSION = YES;
				CLANG_WARN_INFINITE_RECURSION = YES;
				CLANG_WARN_INT_CONVERSION = YES;
				CLANG_WARN_NON_LITERAL_NULL_CONVERSION = YES;
				CLANG_WARN_OBJC_IMPLICIT_RETAIN_SELF = YES;
				CLANG_WARN_OBJC_LITERAL_CONVERSION = YES;
				CLANG_WARN_OBJC_ROOT_CLASS = YES_ERROR;
				CLANG_WARN_RANGE_LOOP_ANALYSIS = YES;
				CLANG_WARN_STRICT_PROTOTYPES = YES;
				CLANG_WARN_SUSPICIOUS_MOVE = YES;
				CLANG_WARN_UNGUARDED_AVAILABILITY = YES_AGGRESSIVE;
				CLANG_WARN_UNREACHABLE_CODE = YES;
				CLANG_WARN__DUPLICATE_METHOD_MATCH = YES;
				CODE_SIGN_IDENTITY = "-";
				COPY_PHASE_STRIP = NO;
				DEBUG_INFORMATION_FORMAT = dwarf;
				ENABLE_STRICT_OBJC_MSGSEND = YES;
				ENABLE_TESTABILITY = YES;
				GCC_C_LANGUAGE_STANDARD = gnu11;
				GCC_DYNAMIC_NO_PIC = NO;
				GCC_NO_COMMON_BLOCKS = YES;
				GCC_OPTIMIZATION_LEVEL = 0;
				GCC_PREPROCESSOR_DEFINITIONS = (
					"DEBUG=1",
					"$(inherited)",
				);
				GCC_WARN_64_TO_32_BIT_CONVERSION = YES;
				GCC_WARN_ABOUT_RETURN_TYPE = YES_ERROR;
				GCC_WARN_UNDECLARED_SELECTOR = YES;
				GCC_WARN_UNINITIALIZED_AUTOS = YES_AGGRESSIVE;
				GCC_WARN_UNUSED_FUNCTION = YES;
				GCC_WARN_UNUSED_VARIABLE = YES;
				MACOSX_DEPLOYMENT_TARGET = 10.14;
				MTL_ENABLE_DEBUG_INFO = INCLUDE_SOURCE;
				MTL_FAST_MATH = YES;
				ONLY_ACTIVE_ARCH = YES;
				SDKROOT = macosx;
			};
			name = Debug;
		};
		BF0A75DE24723D3F00DD8BB6 /* Release */ = {
			isa = XCBuildConfiguration;
			buildSettings = {
				ALWAYS_SEARCH_USER_PATHS = NO;
				CLANG_ANALYZER_NONNULL = YES;
				CLANG_ANALYZER_NUMBER_OBJECT_CONVERSION = YES_AGGRESSIVE;
				CLANG_CXX_LANGUAGE_STANDARD = "gnu++14";
				CLANG_CXX_LIBRARY = "libc++";
				CLANG_ENABLE_MODULES = YES;
				CLANG_ENABLE_OBJC_ARC = YES;
				CLANG_ENABLE_OBJC_WEAK = YES;
				CLANG_WARN_BLOCK_CAPTURE_AUTORELEASING = YES;
				CLANG_WARN_BOOL_CONVERSION = YES;
				CLANG_WARN_COMMA = YES;
				CLANG_WARN_CONSTANT_CONVERSION = YES;
				CLANG_WARN_DEPRECATED_OBJC_IMPLEMENTATIONS = YES;
				CLANG_WARN_DIRECT_OBJC_ISA_USAGE = YES_ERROR;
				CLANG_WARN_DOCUMENTATION_COMMENTS = YES;
				CLANG_WARN_EMPTY_BODY = YES;
				CLANG_WARN_ENUM_CONVERSION = YES;
				CLANG_WARN_INFINITE_RECURSION = YES;
				CLANG_WARN_INT_CONVERSION = YES;
				CLANG_WARN_NON_LITERAL_NULL_CONVERSION = YES;
				CLANG_WARN_OBJC_IMPLICIT_RETAIN_SELF = YES;
				CLANG_WARN_OBJC_LITERAL_CONVERSION = YES;
				CLANG_WARN_OBJC_ROOT_CLASS = YES_ERROR;
				CLANG_WARN_RANGE_LOOP_ANALYSIS = YES;
				CLANG_WARN_STRICT_PROTOTYPES = YES;
				CLANG_WARN_SUSPICIOUS_MOVE = YES;
				CLANG_WARN_UNGUARDED_AVAILABILITY = YES_AGGRESSIVE;
				CLANG_WARN_UNREACHABLE_CODE = YES;
				CLANG_WARN__DUPLICATE_METHOD_MATCH = YES;
				CODE_SIGN_IDENTITY = "-";
				COPY_PHASE_STRIP = NO;
				DEBUG_INFORMATION_FORMAT = "dwarf-with-dsym";
				ENABLE_NS_ASSERTIONS = NO;
				ENABLE_STRICT_OBJC_MSGSEND = YES;
				GCC_C_LANGUAGE_STANDARD = gnu11;
				GCC_NO_COMMON_BLOCKS = YES;
				GCC_WARN_64_TO_32_BIT_CONVERSION = YES;
				GCC_WARN_ABOUT_RETURN_TYPE = YES_ERROR;
				GCC_WARN_UNDECLARED_SELECTOR = YES;
				GCC_WARN_UNINITIALIZED_AUTOS = YES_AGGRESSIVE;
				GCC_WARN_UNUSED_FUNCTION = YES;
				GCC_WARN_UNUSED_VARIABLE = YES;
				MACOSX_DEPLOYMENT_TARGET = 10.14;
				MTL_ENABLE_DEBUG_INFO = NO;
				MTL_FAST_MATH = YES;
				SDKROOT = macosx;
			};
			name = Release;
		};
		BF0A75E024723D3F00DD8BB6 /* Debug */ = {
			isa = XCBuildConfiguration;
			buildSettings = {
				CODE_SIGN_STYLE = Automatic;
				GENERATE_MASTER_OBJECT_FILE = NO;
				HEADER_SEARCH_PATHS = (
					"/Users/jimmy/Code/tiny-vxl/vxl",
					/Users/jimmy/miniconda3/envs/ceres_env/include,
					"/Users/jimmy/Code/tiny-vxl/third_part/eigen-3.3.7",
				);
				KEEP_PRIVATE_EXTERNS = NO;
				LD_RUNPATH_SEARCH_PATHS = /Users/jimmy/miniconda3/envs/ceres_env/lib;
				LIBRARY_SEARCH_PATHS = /Users/jimmy/miniconda3/envs/ceres_env/lib;
				OTHER_LDFLAGS = "-lgtest";
				PRODUCT_NAME = "$(TARGET_NAME)";
			};
			name = Debug;
		};
		BF0A75E124723D3F00DD8BB6 /* Release */ = {
			isa = XCBuildConfiguration;
			buildSettings = {
				CODE_SIGN_STYLE = Automatic;
				GENERATE_MASTER_OBJECT_FILE = NO;
				HEADER_SEARCH_PATHS = (
					"/Users/jimmy/Code/tiny-vxl/vxl",
					/Users/jimmy/miniconda3/envs/ceres_env/include,
					"/Users/jimmy/Code/tiny-vxl/third_part/eigen-3.3.7",
				);
				KEEP_PRIVATE_EXTERNS = NO;
				LD_RUNPATH_SEARCH_PATHS = /Users/jimmy/miniconda3/envs/ceres_env/lib;
				LIBRARY_SEARCH_PATHS = /Users/jimmy/miniconda3/envs/ceres_env/lib;
				OTHER_LDFLAGS = "-lgtest";
				PRODUCT_NAME = "$(TARGET_NAME)";
			};
			name = Release;
		};
/* End XCBuildConfiguration section */

/* Begin XCConfigurationList section */
		BF0A75D324723D3F00DD8BB6 /* Build configuration list for PBXProject "vxl" */ = {
			isa = XCConfigurationList;
			buildConfigurations = (
				BF0A75DD24723D3F00DD8BB6 /* Debug */,
				BF0A75DE24723D3F00DD8BB6 /* Release */,
			);
			defaultConfigurationIsVisible = 0;
			defaultConfigurationName = Release;
		};
		BF0A75DF24723D3F00DD8BB6 /* Build configuration list for PBXNativeTarget "vxl" */ = {
			isa = XCConfigurationList;
			buildConfigurations = (
				BF0A75E024723D3F00DD8BB6 /* Debug */,
				BF0A75E124723D3F00DD8BB6 /* Release */,
			);
			defaultConfigurationIsVisible = 0;
			defaultConfigurationName = Release;
		};
/* End XCConfigurationList section */
	};
	rootObject = BF0A75D024723D3F00DD8BB6 /* Project object */;
}
